
Microsoft Visual Studio Solution File, Format Version 12.00
# Visual Studio Version 17
VisualStudioVersion = 17.14.37516.0 d17.14
MinimumVisualStudioVersion = 10.0.40219.1
Project("{FAE04EC0-301F-11D3-BF4B-00C04F79EFBC}") = "assignment 02", "assignment 02\assignment 02.csproj", "{CFC5CC15-245F-4E3F-98E1-56149A007B1B}"
EndProject
Project("{FAE04EC0-301F-11D3-BF4B-00C04F79EFBC}") = "assignment 1", "assignment 1\assignment 1.csproj", "{AEE580FA-38B3-465C-ACDA-3A89F7107B70}"
EndProject
Global
	GlobalSection(SolutionConfigurationPlatforms) = preSolution
		Debug|Any CPU = Debug|Any CPU
		Release|Any CPU = Release|Any CPU
	EndGlobalSection
	GlobalSection(ProjectConfigurationPlatforms) = postSolution
		{CFC5CC15-245F-4E3F-98E1-56149A007B1B}.Debug|Any CPU.ActiveCfg = Debug|Any CPU
		{CFC5CC15-245F-4E3F-98E1-56149A007B1B}.Debug|Any CPU.Build.0 = Debug|Any CPU
		{CFC5CC15-245F-4E3F-98E1-56149A007B1B}.Release|Any CPU.ActiveCfg = Release|Any CPU
		{CFC5CC15-245F-4E3F-98E1-56149A007B1B}.Release|Any CPU.Build.0 = Release|Any CPU
		{AEE580FA-38B3-465C-ACDA-3A89F7107B70}.Debug|Any CPU.ActiveCfg = Debug|Any CPU
		{AEE580FA-38B3-465C-ACDA-3A89F7107B70}.Debug|Any CPU.Build.0 = Debug|Any CPU
		{AEE580FA-38B3-465C-ACDA-3A89F7107B70}.Release|Any CPU.ActiveCfg = Release|Any CPU
		{AEE580FA-38B3-465C-ACDA-3A89F7107B70}.Release|Any CPU.Build.0 = Release|Any CPU
	EndGlobalSection
	GlobalSection(SolutionProperties) = preSolution
		HideSolutionNode = FALSE
	EndGlobalSection
	GlobalSection(ExtensibilityGlobals) = postSolution
		SolutionGuid = {C8D3E59E-41DA-4B1D-A13A-2FB82C1EAA48}
	EndGlobalSection
EndGlobal
